
Microsoft Visual Studio Solution File, Format Version 12.00
# Visual Studio Version 17
VisualStudioVersion = 17.11.35219.272
MinimumVisualStudioVersion = 10.0.40219.1
Project("{8BC9CEB8-8B4A-11D0-8D11-00A0C91BC942}") = "ServerB", "ServerB\ServerB.vcxproj", "{76B3945F-1E5A-4999-A4DF-DDC6FDB4C1E1}"
EndProject
Global
	GlobalSection(SolutionConfigurationPlatforms) = preSolution
		Debug|x64 = Debug|x64
		Debug|x86 = Debug|x86
		Release|x64 = Release|x64
		Release|x86 = Release|x86
	EndGlobalSection
	GlobalSection(ProjectConfigurationPlatforms) = postSolution
		{76B3945F-1E5A-4999-A4DF-DDC6FDB4C1E1}.Debug|x64.ActiveCfg = Debug|x64
		{76B3945F-1E5A-4999-A4DF-DDC6FDB4C1E1}.Debug|x64.Build.0 = Debug|x64
		{76B3945F-1E5A-4999-A4DF-DDC6FDB4C1E1}.Debug|x86.ActiveCfg = Debug|Win32
		{76B3945F-1E5A-4999-A4DF-DDC6FDB4C1E1}.Debug|x86.Build.0 = Debug|Win32
		{76B3945F-1E5A-4999-A4DF-DDC6FDB4C1E1}.Release|x64.ActiveCfg = Release|x64
		{76B3945F-1E5A-4999-A4DF-DDC6FDB4C1E1}.Release|x64.Build.0 = Release|x64
		{76B3945F-1E5A-4999-A4DF-DDC6FDB4C1E1}.Release|x86.ActiveCfg = Release|Win32
		{76B3945F-1E5A-4999-A4DF-DDC6FDB4C1E1}.Release|x86.Build.0 = Release|Win32
	EndGlobalSection
	GlobalSection(SolutionProperties) = preSolution
		HideSolutionNode = FALSE
	EndGlobalSection
	GlobalSection(ExtensibilityGlobals) = postSolution
		SolutionGuid = {3F302F38-F893-485E-B428-DDF256617B92}
	EndGlobalSection
EndGlobal
