
Microsoft Visual Studio Solution File, Format Version 12.00
# Visual Studio Version 17
VisualStudioVersion = 17.9.34728.123
MinimumVisualStudioVersion = 10.0.40219.1
Project("{8BC9CEB8-8B4A-11D0-8D11-00A0C91BC942}") = "ClientNP", "ClientNP\ClientNP.vcxproj", "{23197955-CE5A-4919-AF70-B2AA949AE08F}"
EndProject
Global
	GlobalSection(SolutionConfigurationPlatforms) = preSolution
		Debug|x64 = Debug|x64
		Debug|x86 = Debug|x86
		Release|x64 = Release|x64
		Release|x86 = Release|x86
	EndGlobalSection
	GlobalSection(ProjectConfigurationPlatforms) = postSolution
		{23197955-CE5A-4919-AF70-B2AA949AE08F}.Debug|x64.ActiveCfg = Debug|x64
		{23197955-CE5A-4919-AF70-B2AA949AE08F}.Debug|x64.Build.0 = Debug|x64
		{23197955-CE5A-4919-AF70-B2AA949AE08F}.Debug|x86.ActiveCfg = Debug|Win32
		{23197955-CE5A-4919-AF70-B2AA949AE08F}.Debug|x86.Build.0 = Debug|Win32
		{23197955-CE5A-4919-AF70-B2AA949AE08F}.Release|x64.ActiveCfg = Release|x64
		{23197955-CE5A-4919-AF70-B2AA949AE08F}.Release|x64.Build.0 = Release|x64
		{23197955-CE5A-4919-AF70-B2AA949AE08F}.Release|x86.ActiveCfg = Release|Win32
		{23197955-CE5A-4919-AF70-B2AA949AE08F}.Release|x86.Build.0 = Release|Win32
	EndGlobalSection
	GlobalSection(SolutionProperties) = preSolution
		HideSolutionNode = FALSE
	EndGlobalSection
	GlobalSection(ExtensibilityGlobals) = postSolution
		SolutionGuid = {34C31452-9100-4EE0-870E-C058FFD8F2F2}
	EndGlobalSection
EndGlobal
